
Microsoft Visual Studio Solution File, Format Version 12.00
Project("{FAE04EC0-301F-11D3-BF4B-00C04F79EFBC}") = "Pathfinder", "Pathfinder\Pathfinder.csproj", "{B5C911A2-06B5-44D7-9EE6-8E43F0219E19}"
EndProject
Global
	GlobalSection(SolutionConfigurationPlatforms) = preSolution
		Debug|x64 = Debug|x64
		Release|x64 = Release|x64
	EndGlobalSection
	GlobalSection(ProjectConfigurationPlatforms) = postSolution
		{B5C911A2-06B5-44D7-9EE6-8E43F0219E19}.Debug|x64.ActiveCfg = Debug|x64
		{B5C911A2-06B5-44D7-9EE6-8E43F0219E19}.Debug|x64.Build.0 = Debug|x64
		{B5C911A2-06B5-44D7-9EE6-8E43F0219E19}.Release|x64.ActiveCfg = Release|x64
		{B5C911A2-06B5-44D7-9EE6-8E43F0219E19}.Release|x64.Build.0 = Release|x64
	EndGlobalSection
EndGlobal
